{
  "pins" : [
    {
      "identity" : "foundationcompatkit",
      "kind" : "remoteSourceControl",
      "location" : "https://github.com/JWIMaster/FoundationCompatKit.git",
      "state" : {
        "branch" : "master",
        "revision" : "070461b1af9dffbd033dcc230d50829c5a28cae3"
      }
    },
    {
      "identity" : "zippyjsoncfamily",
      "kind" : "remoteSourceControl",
      "location" : "https://github.com/JWIMaster/ZippyJSONCFamily",
      "state" : {
        "branch" : "master",
        "revision" : "3a98a90ecee808d804b0312c880d6b4723c945a9"
      }
    }
  ],
  "version" : 2
}
